
Microsoft Visual Studio Solution File, Format Version 12.00
# Visual Studio Version 17
VisualStudioVersion = 17.9.34723.18
MinimumVisualStudioVersion = 10.0.40219.1
Project("{9A19103F-16F7-4668-BE54-9A1E7A4F7556}") = "DotNet_8-AOT-cold-start-perf-measure", "DotNet_8-AOT-cold-start-perf-measure\DotNet_8-AOT-cold-start-perf-measure.csproj", "{2809EA3D-610E-4450-B021-FF227782A712}"
EndProject
Global
	GlobalSection(SolutionConfigurationPlatforms) = preSolution
		Debug|Any CPU = Debug|Any CPU
		Release|Any CPU = Release|Any CPU
	EndGlobalSection
	GlobalSection(ProjectConfigurationPlatforms) = postSolution
		{2809EA3D-610E-4450-B021-FF227782A712}.Debug|Any CPU.ActiveCfg = Debug|Any CPU
		{2809EA3D-610E-4450-B021-FF227782A712}.Debug|Any CPU.Build.0 = Debug|Any CPU
		{2809EA3D-610E-4450-B021-FF227782A712}.Release|Any CPU.ActiveCfg = Release|Any CPU
		{2809EA3D-610E-4450-B021-FF227782A712}.Release|Any CPU.Build.0 = Release|Any CPU
	EndGlobalSection
	GlobalSection(SolutionProperties) = preSolution
		HideSolutionNode = FALSE
	EndGlobalSection
	GlobalSection(ExtensibilityGlobals) = postSolution
		SolutionGuid = {AD5174B7-A5FE-4C23-9C97-F2EE5E9FF214}
	EndGlobalSection
EndGlobal
