
Microsoft Visual Studio Solution File, Format Version 12.00
# Visual Studio Version 17
VisualStudioVersion = 17.9.34723.18
MinimumVisualStudioVersion = 10.0.40219.1
Project("{9A19103F-16F7-4668-BE54-9A1E7A4F7556}") = "DotNet-Lambda-ColdStart-Measure", "DotNet-Lambda-ColdStart-Measure\DotNet-Lambda-ColdStart-Measure.csproj", "{5DF3FF6B-F90C-4DD6-8FC7-E18913A6110E}"
EndProject
Global
	GlobalSection(SolutionConfigurationPlatforms) = preSolution
		Debug|Any CPU = Debug|Any CPU
		Release|Any CPU = Release|Any CPU
	EndGlobalSection
	GlobalSection(ProjectConfigurationPlatforms) = postSolution
		{5DF3FF6B-F90C-4DD6-8FC7-E18913A6110E}.Debug|Any CPU.ActiveCfg = Debug|Any CPU
		{5DF3FF6B-F90C-4DD6-8FC7-E18913A6110E}.Debug|Any CPU.Build.0 = Debug|Any CPU
		{5DF3FF6B-F90C-4DD6-8FC7-E18913A6110E}.Release|Any CPU.ActiveCfg = Release|Any CPU
		{5DF3FF6B-F90C-4DD6-8FC7-E18913A6110E}.Release|Any CPU.Build.0 = Release|Any CPU
	EndGlobalSection
	GlobalSection(SolutionProperties) = preSolution
		HideSolutionNode = FALSE
	EndGlobalSection
	GlobalSection(ExtensibilityGlobals) = postSolution
		SolutionGuid = {A55F1CE7-AEBC-4EBB-AA6B-CADED244D34A}
	EndGlobalSection
EndGlobal
